{
  "version": 4,
  "terraform_version": "1.2.1",
  "serial": 18,
  "lineage": "5f13cb75-34f8-ef90-e3a8-d90d2ed84cbe",
  "outputs": {
    "google_service_account": {
      "value": "github-actions@cloud-run-playground-373811.iam.gserviceaccount.com",
      "type": "string"
    },
    "google_workload_identity_provider": {
      "value": "projects/779399150419/locations/global/workloadIdentityPools/gh-oidc-pool/providers/gh-oidc-provider",
      "type": "string"
    }
  },
  "resources": [
    {
      "mode": "managed",
      "type": "google_artifact_registry_repository",
      "name": "default",
      "provider": "provider[\"registry.terraform.io/hashicorp/google\"]",
      "instances": [
        {
          "schema_version": 0,
          "attributes": {
            "create_time": "2023-01-05T11:49:37.667239Z",
            "description": "",
            "format": "DOCKER",
            "id": "projects/cloud-run-playground-373811/locations/asia-northeast1/repositories/playground",
            "kms_key_name": "",
            "labels": {},
            "location": "asia-northeast1",
            "maven_config": [],
            "name": "playground",
            "project": "cloud-run-playground-373811",
            "repository_id": "playground",
            "timeouts": null,
            "update_time": "2023-01-05T11:49:37.667239Z"
          },
          "sensitive_attributes": [],
          "private": "eyJlMmJmYjczMC1lY2FhLTExZTYtOGY4OC0zNDM2M2JjN2M0YzAiOnsiY3JlYXRlIjoxMjAwMDAwMDAwMDAwLCJkZWxldGUiOjEyMDAwMDAwMDAwMDAsInVwZGF0ZSI6MTIwMDAwMDAwMDAwMH19"
        }
      ]
    },
    {
      "mode": "managed",
      "type": "google_cloud_run_service_iam_binding",
      "name": "default",
      "provider": "provider[\"registry.terraform.io/hashicorp/google\"]",
      "instances": []
    },
    {
      "mode": "managed",
      "type": "google_iam_workload_identity_pool",
      "name": "github-actions",
      "provider": "provider[\"registry.terraform.io/hashicorp/google-beta\"]",
      "instances": [
        {
          "schema_version": 0,
          "attributes": {
            "description": "Workload Identity Pool for GitHub Actions",
            "disabled": false,
            "display_name": "gh-oidc-pool",
            "id": "projects/cloud-run-playground-373811/locations/global/workloadIdentityPools/gh-oidc-pool",
            "name": "projects/779399150419/locations/global/workloadIdentityPools/gh-oidc-pool",
            "project": "cloud-run-playground-373811",
            "state": "ACTIVE",
            "timeouts": null,
            "workload_identity_pool_id": "gh-oidc-pool"
          },
          "sensitive_attributes": [],
          "private": "eyJlMmJmYjczMC1lY2FhLTExZTYtOGY4OC0zNDM2M2JjN2M0YzAiOnsiY3JlYXRlIjoxMjAwMDAwMDAwMDAwLCJkZWxldGUiOjEyMDAwMDAwMDAwMDAsInVwZGF0ZSI6MTIwMDAwMDAwMDAwMH19"
        }
      ]
    },
    {
      "mode": "managed",
      "type": "google_iam_workload_identity_pool_provider",
      "name": "github-actions",
      "provider": "provider[\"registry.terraform.io/hashicorp/google-beta\"]",
      "instances": [
        {
          "schema_version": 0,
          "attributes": {
            "attribute_condition": "",
            "attribute_mapping": {
              "attribute.repository": "assertion.repository",
              "google.subject": "assertion.sub"
            },
            "aws": [],
            "description": "OIDC identity pool provider for GitHub Actions",
            "disabled": false,
            "display_name": "gh-oidc-provider",
            "id": "projects/cloud-run-playground-373811/locations/global/workloadIdentityPools/gh-oidc-pool/providers/gh-oidc-provider",
            "name": "projects/779399150419/locations/global/workloadIdentityPools/gh-oidc-pool/providers/gh-oidc-provider",
            "oidc": [
              {
                "allowed_audiences": [],
                "issuer_uri": "https://token.actions.githubusercontent.com"
              }
            ],
            "project": "cloud-run-playground-373811",
            "state": "ACTIVE",
            "timeouts": null,
            "workload_identity_pool_id": "gh-oidc-pool",
            "workload_identity_pool_provider_id": "gh-oidc-provider"
          },
          "sensitive_attributes": [],
          "private": "eyJlMmJmYjczMC1lY2FhLTExZTYtOGY4OC0zNDM2M2JjN2M0YzAiOnsiY3JlYXRlIjoxMjAwMDAwMDAwMDAwLCJkZWxldGUiOjEyMDAwMDAwMDAwMDAsInVwZGF0ZSI6MTIwMDAwMDAwMDAwMH19",
          "dependencies": [
            "google_iam_workload_identity_pool.github-actions"
          ]
        }
      ]
    },
    {
      "mode": "managed",
      "type": "google_project_iam_member",
      "name": "admin-account-iam",
      "provider": "provider[\"registry.terraform.io/hashicorp/google\"]",
      "instances": [
        {
          "index_key": "roles/artifactregistry.admin",
          "schema_version": 0,
          "attributes": {
            "condition": [],
            "etag": "BwXxguSy6A4=",
            "id": "cloud-run-playground-373811/roles/artifactregistry.admin/serviceAccount:github-actions@cloud-run-playground-373811.iam.gserviceaccount.com",
            "member": "serviceAccount:github-actions@cloud-run-playground-373811.iam.gserviceaccount.com",
            "project": "cloud-run-playground-373811",
            "role": "roles/artifactregistry.admin"
          },
          "sensitive_attributes": [],
          "private": "bnVsbA==",
          "dependencies": [
            "google_service_account.github-actions"
          ]
        },
        {
          "index_key": "roles/iam.serviceAccountUser",
          "schema_version": 0,
          "attributes": {
            "condition": [],
            "etag": "BwXxguSy6A4=",
            "id": "cloud-run-playground-373811/roles/iam.serviceAccountUser/serviceAccount:github-actions@cloud-run-playground-373811.iam.gserviceaccount.com",
            "member": "serviceAccount:github-actions@cloud-run-playground-373811.iam.gserviceaccount.com",
            "project": "cloud-run-playground-373811",
            "role": "roles/iam.serviceAccountUser"
          },
          "sensitive_attributes": [],
          "private": "bnVsbA==",
          "dependencies": [
            "google_service_account.github-actions"
          ]
        },
        {
          "index_key": "roles/run.developer",
          "schema_version": 0,
          "attributes": {
            "condition": [],
            "etag": "BwXxguSy6A4=",
            "id": "cloud-run-playground-373811/roles/run.developer/serviceAccount:github-actions@cloud-run-playground-373811.iam.gserviceaccount.com",
            "member": "serviceAccount:github-actions@cloud-run-playground-373811.iam.gserviceaccount.com",
            "project": "cloud-run-playground-373811",
            "role": "roles/run.developer"
          },
          "sensitive_attributes": [],
          "private": "bnVsbA==",
          "dependencies": [
            "google_service_account.github-actions"
          ]
        }
      ]
    },
    {
      "mode": "managed",
      "type": "google_project_service",
      "name": "project",
      "provider": "provider[\"registry.terraform.io/hashicorp/google\"]",
      "instances": [
        {
          "index_key": "artifactregistry.googleapis.com",
          "schema_version": 0,
          "attributes": {
            "disable_dependent_services": null,
            "disable_on_destroy": true,
            "id": "cloud-run-playground-373811/artifactregistry.googleapis.com",
            "project": "cloud-run-playground-373811",
            "service": "artifactregistry.googleapis.com",
            "timeouts": null
          },
          "sensitive_attributes": [],
          "private": "eyJlMmJmYjczMC1lY2FhLTExZTYtOGY4OC0zNDM2M2JjN2M0YzAiOnsiY3JlYXRlIjoxMjAwMDAwMDAwMDAwLCJkZWxldGUiOjEyMDAwMDAwMDAwMDAsInJlYWQiOjYwMDAwMDAwMDAwMCwidXBkYXRlIjoxMjAwMDAwMDAwMDAwfX0="
        },
        {
          "index_key": "iamcredentials.googleapis.com",
          "schema_version": 0,
          "attributes": {
            "disable_dependent_services": null,
            "disable_on_destroy": true,
            "id": "cloud-run-playground-373811/iamcredentials.googleapis.com",
            "project": "cloud-run-playground-373811",
            "service": "iamcredentials.googleapis.com",
            "timeouts": null
          },
          "sensitive_attributes": [],
          "private": "eyJlMmJmYjczMC1lY2FhLTExZTYtOGY4OC0zNDM2M2JjN2M0YzAiOnsiY3JlYXRlIjoxMjAwMDAwMDAwMDAwLCJkZWxldGUiOjEyMDAwMDAwMDAwMDAsInJlYWQiOjYwMDAwMDAwMDAwMCwidXBkYXRlIjoxMjAwMDAwMDAwMDAwfX0="
        },
        {
          "index_key": "run.googleapis.com",
          "schema_version": 0,
          "attributes": {
            "disable_dependent_services": null,
            "disable_on_destroy": true,
            "id": "cloud-run-playground-373811/run.googleapis.com",
            "project": "cloud-run-playground-373811",
            "service": "run.googleapis.com",
            "timeouts": null
          },
          "sensitive_attributes": [],
          "private": "eyJlMmJmYjczMC1lY2FhLTExZTYtOGY4OC0zNDM2M2JjN2M0YzAiOnsiY3JlYXRlIjoxMjAwMDAwMDAwMDAwLCJkZWxldGUiOjEyMDAwMDAwMDAwMDAsInJlYWQiOjYwMDAwMDAwMDAwMCwidXBkYXRlIjoxMjAwMDAwMDAwMDAwfX0="
        }
      ]
    },
    {
      "mode": "managed",
      "type": "google_service_account",
      "name": "github-actions",
      "provider": "provider[\"registry.terraform.io/hashicorp/google\"]",
      "instances": [
        {
          "schema_version": 0,
          "attributes": {
            "account_id": "github-actions",
            "description": "",
            "disabled": false,
            "display_name": "A service account for GitHub Actions",
            "email": "github-actions@cloud-run-playground-373811.iam.gserviceaccount.com",
            "id": "projects/cloud-run-playground-373811/serviceAccounts/github-actions@cloud-run-playground-373811.iam.gserviceaccount.com",
            "member": "serviceAccount:github-actions@cloud-run-playground-373811.iam.gserviceaccount.com",
            "name": "projects/cloud-run-playground-373811/serviceAccounts/github-actions@cloud-run-playground-373811.iam.gserviceaccount.com",
            "project": "cloud-run-playground-373811",
            "timeouts": null,
            "unique_id": "111944141963633993395"
          },
          "sensitive_attributes": [],
          "private": "eyJlMmJmYjczMC1lY2FhLTExZTYtOGY4OC0zNDM2M2JjN2M0YzAiOnsiY3JlYXRlIjozMDAwMDAwMDAwMDB9fQ=="
        }
      ]
    },
    {
      "mode": "managed",
      "type": "google_service_account_iam_member",
      "name": "admin-account-iam",
      "provider": "provider[\"registry.terraform.io/hashicorp/google\"]",
      "instances": [
        {
          "schema_version": 0,
          "attributes": {
            "condition": [],
            "etag": "BwXxguLoFo0=",
            "id": "projects/cloud-run-playground-373811/serviceAccounts/github-actions@cloud-run-playground-373811.iam.gserviceaccount.com/roles/iam.workloadIdentityUser/principalSet://iam.googleapis.com/projects/779399150419/locations/global/workloadIdentityPools/gh-oidc-pool/attribute.repository/Doarakko/cloud-run-playground",
            "member": "principalSet://iam.googleapis.com/projects/779399150419/locations/global/workloadIdentityPools/gh-oidc-pool/attribute.repository/Doarakko/cloud-run-playground",
            "role": "roles/iam.workloadIdentityUser",
            "service_account_id": "projects/cloud-run-playground-373811/serviceAccounts/github-actions@cloud-run-playground-373811.iam.gserviceaccount.com"
          },
          "sensitive_attributes": [],
          "private": "bnVsbA==",
          "dependencies": [
            "google_iam_workload_identity_pool.github-actions",
            "google_service_account.github-actions"
          ]
        }
      ]
    }
  ]
}
