{
  "version": 4,
  "terraform_version": "1.2.1",
  "serial": 14,
  "lineage": "d960bd3c-24a3-941b-9b0b-1802a71dbfb2",
  "outputs": {
    "google_service_account": {
      "value": "github-actions@cloud-run-playground-368419.iam.gserviceaccount.com",
      "type": "string"
    },
    "google_workload_identity_provider": {
      "value": "projects/504916774323/locations/global/workloadIdentityPools/gh-oidc-pool/providers/github-actions",
      "type": "string"
    }
  },
  "resources": [
    {
      "mode": "managed",
      "type": "google_cloud_run_service",
      "name": "default",
      "provider": "provider[\"registry.terraform.io/hashicorp/google\"]",
      "instances": [
        {
          "schema_version": 1,
          "attributes": {
            "autogenerate_revision_name": false,
            "id": "locations/us-central1/namespaces/cloud-run-playground-368419/services/cloudrun-srv",
            "location": "us-central1",
            "metadata": [
              {
                "annotations": {
                  "run.googleapis.com/ingress": "all",
                  "run.googleapis.com/ingress-status": "all",
                  "serving.knative.dev/creator": "2WuA4nLyi@gmail.com",
                  "serving.knative.dev/lastModifier": "2WuA4nLyi@gmail.com"
                },
                "generation": 2,
                "labels": {
                  "cloud.googleapis.com/location": "us-central1"
                },
                "namespace": "cloud-run-playground-368419",
                "resource_version": "AAXtUpzKkTg",
                "self_link": "/apis/serving.knative.dev/v1/namespaces/504916774323/services/cloudrun-srv",
                "uid": "d8a302fb-dbc2-4df2-9ca0-9afd2fe8b2f1"
              }
            ],
            "name": "cloudrun-srv",
            "project": "cloud-run-playground-368419",
            "status": [
              {
                "conditions": [
                  {
                    "message": "",
                    "reason": "",
                    "status": "True",
                    "type": "Ready"
                  },
                  {
                    "message": "",
                    "reason": "",
                    "status": "True",
                    "type": "ConfigurationsReady"
                  },
                  {
                    "message": "",
                    "reason": "",
                    "status": "True",
                    "type": "RoutesReady"
                  }
                ],
                "latest_created_revision_name": "cloudrun-srv-dxbkt",
                "latest_ready_revision_name": "cloudrun-srv-dxbkt",
                "observed_generation": 2,
                "url": "https://cloudrun-srv-wy3ut7qdja-uc.a.run.app"
              }
            ],
            "template": [
              {
                "metadata": [
                  {
                    "annotations": {
                      "autoscaling.knative.dev/maxScale": "100"
                    },
                    "generation": 0,
                    "labels": {},
                    "name": "",
                    "namespace": "",
                    "resource_version": "",
                    "self_link": "",
                    "uid": ""
                  }
                ],
                "spec": [
                  {
                    "container_concurrency": 80,
                    "containers": [
                      {
                        "args": [],
                        "command": [],
                        "env": [],
                        "env_from": [],
                        "image": "us-docker.pkg.dev/cloudrun/container/hello",
                        "ports": [
                          {
                            "container_port": 8080,
                            "name": "http1",
                            "protocol": ""
                          }
                        ],
                        "resources": [
                          {
                            "limits": {
                              "cpu": "1000m",
                              "memory": "128Mi"
                            },
                            "requests": {}
                          }
                        ],
                        "volume_mounts": [],
                        "working_dir": ""
                      }
                    ],
                    "service_account_name": "504916774323-compute@developer.gserviceaccount.com",
                    "serving_state": "",
                    "timeout_seconds": 300,
                    "volumes": []
                  }
                ]
              }
            ],
            "timeouts": null,
            "traffic": [
              {
                "latest_revision": true,
                "percent": 100,
                "revision_name": "",
                "tag": "",
                "url": ""
              }
            ]
          },
          "sensitive_attributes": [],
          "private": "eyJlMmJmYjczMC1lY2FhLTExZTYtOGY4OC0zNDM2M2JjN2M0YzAiOnsiY3JlYXRlIjoxMjAwMDAwMDAwMDAwLCJkZWxldGUiOjEyMDAwMDAwMDAwMDAsInVwZGF0ZSI6MTIwMDAwMDAwMDAwMH0sInNjaGVtYV92ZXJzaW9uIjoiMSJ9"
        }
      ]
    },
    {
      "mode": "managed",
      "type": "google_iam_workload_identity_pool",
      "name": "github-actions",
      "provider": "provider[\"registry.terraform.io/hashicorp/google-beta\"]",
      "instances": [
        {
          "schema_version": 0,
          "attributes": {
            "description": "Workload Identity Pool for GitHub Actions",
            "disabled": false,
            "display_name": "gh-oidc-pool",
            "id": "projects/cloud-run-playground-368419/locations/global/workloadIdentityPools/gh-oidc-pool",
            "name": "projects/504916774323/locations/global/workloadIdentityPools/gh-oidc-pool",
            "project": "cloud-run-playground-368419",
            "state": "ACTIVE",
            "timeouts": null,
            "workload_identity_pool_id": "gh-oidc-pool"
          },
          "sensitive_attributes": [],
          "private": "eyJlMmJmYjczMC1lY2FhLTExZTYtOGY4OC0zNDM2M2JjN2M0YzAiOnsiY3JlYXRlIjoxMjAwMDAwMDAwMDAwLCJkZWxldGUiOjEyMDAwMDAwMDAwMDAsInVwZGF0ZSI6MTIwMDAwMDAwMDAwMH19"
        }
      ]
    },
    {
      "mode": "managed",
      "type": "google_iam_workload_identity_pool_provider",
      "name": "github-actions",
      "provider": "provider[\"registry.terraform.io/hashicorp/google-beta\"]",
      "instances": [
        {
          "schema_version": 0,
          "attributes": {
            "attribute_condition": "",
            "attribute_mapping": {
              "attribute.repository": "assertion.repository",
              "google.subject": "assertion.sub"
            },
            "aws": [],
            "description": "OIDC identity pool provider for GitHub Actions",
            "disabled": false,
            "display_name": "github-actions",
            "id": "projects/cloud-run-playground-368419/locations/global/workloadIdentityPools/gh-oidc-pool/providers/github-actions",
            "name": "projects/504916774323/locations/global/workloadIdentityPools/gh-oidc-pool/providers/github-actions",
            "oidc": [
              {
                "allowed_audiences": [],
                "issuer_uri": "https://token.actions.githubusercontent.com"
              }
            ],
            "project": "cloud-run-playground-368419",
            "state": "ACTIVE",
            "timeouts": null,
            "workload_identity_pool_id": "gh-oidc-pool",
            "workload_identity_pool_provider_id": "github-actions"
          },
          "sensitive_attributes": [],
          "private": "eyJlMmJmYjczMC1lY2FhLTExZTYtOGY4OC0zNDM2M2JjN2M0YzAiOnsiY3JlYXRlIjoxMjAwMDAwMDAwMDAwLCJkZWxldGUiOjEyMDAwMDAwMDAwMDAsInVwZGF0ZSI6MTIwMDAwMDAwMDAwMH19",
          "dependencies": [
            "google_iam_workload_identity_pool.github-actions"
          ]
        }
      ]
    },
    {
      "mode": "managed",
      "type": "google_project_service",
      "name": "project",
      "provider": "provider[\"registry.terraform.io/hashicorp/google\"]",
      "instances": [
        {
          "schema_version": 0,
          "attributes": {
            "disable_dependent_services": null,
            "disable_on_destroy": true,
            "id": "cloud-run-playground-368419/iamcredentials.googleapis.com",
            "project": "cloud-run-playground-368419",
            "service": "iamcredentials.googleapis.com",
            "timeouts": null
          },
          "sensitive_attributes": [],
          "private": "eyJlMmJmYjczMC1lY2FhLTExZTYtOGY4OC0zNDM2M2JjN2M0YzAiOnsiY3JlYXRlIjoxMjAwMDAwMDAwMDAwLCJkZWxldGUiOjEyMDAwMDAwMDAwMDAsInJlYWQiOjYwMDAwMDAwMDAwMCwidXBkYXRlIjoxMjAwMDAwMDAwMDAwfX0="
        }
      ]
    },
    {
      "mode": "managed",
      "type": "google_service_account",
      "name": "github-actions",
      "provider": "provider[\"registry.terraform.io/hashicorp/google\"]",
      "instances": [
        {
          "schema_version": 0,
          "attributes": {
            "account_id": "github-actions",
            "description": "",
            "disabled": false,
            "display_name": "A service account for GitHub Actions",
            "email": "github-actions@cloud-run-playground-368419.iam.gserviceaccount.com",
            "id": "projects/cloud-run-playground-368419/serviceAccounts/github-actions@cloud-run-playground-368419.iam.gserviceaccount.com",
            "member": "serviceAccount:github-actions@cloud-run-playground-368419.iam.gserviceaccount.com",
            "name": "projects/cloud-run-playground-368419/serviceAccounts/github-actions@cloud-run-playground-368419.iam.gserviceaccount.com",
            "project": "cloud-run-playground-368419",
            "timeouts": null,
            "unique_id": "115700829315856578354"
          },
          "sensitive_attributes": [],
          "private": "eyJlMmJmYjczMC1lY2FhLTExZTYtOGY4OC0zNDM2M2JjN2M0YzAiOnsiY3JlYXRlIjozMDAwMDAwMDAwMDB9fQ=="
        }
      ]
    },
    {
      "mode": "managed",
      "type": "google_service_account_iam_member",
      "name": "admin-account-iam",
      "provider": "provider[\"registry.terraform.io/hashicorp/google\"]",
      "instances": [
        {
          "schema_version": 0,
          "attributes": {
            "condition": [],
            "etag": "BwXtWOv1aPY=",
            "id": "projects/cloud-run-playground-368419/serviceAccounts/github-actions@cloud-run-playground-368419.iam.gserviceaccount.com/roles/iam.workloadIdentityUser/principalSet://iam.googleapis.com/projects/504916774323/locations/global/workloadIdentityPools/gh-oidc-pool/attribute.repository/Doarakko/cloud-run-playground",
            "member": "principalSet://iam.googleapis.com/projects/504916774323/locations/global/workloadIdentityPools/gh-oidc-pool/attribute.repository/Doarakko/cloud-run-playground",
            "role": "roles/iam.workloadIdentityUser",
            "service_account_id": "projects/cloud-run-playground-368419/serviceAccounts/github-actions@cloud-run-playground-368419.iam.gserviceaccount.com"
          },
          "sensitive_attributes": [],
          "private": "bnVsbA==",
          "dependencies": [
            "google_iam_workload_identity_pool.github-actions",
            "google_service_account.github-actions"
          ]
        }
      ]
    }
  ]
}
